{"1.1.0",
[{<<"bear">>,
  {git,"git://github.com/boundary/bear.git",
       {ref,"119234548783af19b8ec75c879c5062676b92571"}},
  4},
 {<<"emas">>,
  {git,"https://github.com/erlang-mas/emas.git",
       {ref,"a915029b51e878c6e9489383603e932cb6db7b0b"}},
  0},
 {<<"exometer_core">>,
  {git,"https://github.com/Feuerlabs/exometer_core.git",
       {ref,"09c2a9361c0295c977e441ef89382db964a64460"}},
  2},
 {<<"exometer_fs">>,
  {git,"https://github.com/erlang-mas/exometer-fs.git",
       {ref,"6161460c30e6bf86d8c9f737ba6e148bfb0aabee"}},
  2},
 {<<"folsom">>,
  {git,"git://github.com/folsom-project/folsom",
       {ref,"38e2cce7c64ce1f0a3a918d90394cfc0a940b1ba"}},
  3},
 {<<"getopt">>,{pkg,<<"getopt">>,<<"0.8.2">>},1},
 {<<"hut">>,
  {git,"git://github.com/tolbrino/hut.git",
       {ref,"025540398478ab6f95932c3234382ac5bb21ad3e"}},
  3},
 {<<"mas">>,
  {git,"https://github.com/erlang-mas/mas.git",
       {ref,"a615bfd5e08f079aa3b7241b51f0a8ba4bfd8f43"}},
  1},
 {<<"meck">>,
  {git,"git://github.com/eproxus/meck.git",
       {ref,"70d6a33ce7407029dc59e22a5b3c1c61c1348b23"}},
  3},
 {<<"parse_trans">>,
  {git,"git://github.com/uwiger/parse_trans.git",
       {ref,"6f3645afb43c7c57d61b54ef59aecab288ce1013"}},
  3},
 {<<"setup">>,
  {git,"git://github.com/uwiger/setup.git",
       {ref,"e4a089f743505f1166e026c51989f041da7b2f6d"}},
  3}]}.
[
{pkg_hash,[
 {<<"getopt">>, <<"B17556DB683000BA50370B16C0619DF1337E7AF7ECBF7D64FBF8D1D6BCE3109B">>}]}
].
